
Microsoft Visual Studio Solution File, Format Version 12.00
# Visual Studio 15
VisualStudioVersion = 15.0.28307.106
MinimumVisualStudioVersion = 10.0.40219.1
Project("{FAE04EC0-301F-11D3-BF4B-00C04F79EFBC}") = "CamelontaEpi", "CamelontaEpi\CamelontaEpi.csproj", "{20FC072B-71D4-469F-AC84-7CFE08A1F1C9}"
EndProject
Global
	GlobalSection(SolutionConfigurationPlatforms) = preSolution
		Debug|Any CPU = Debug|Any CPU
		Release|Any CPU = Release|Any CPU
	EndGlobalSection
	GlobalSection(ProjectConfigurationPlatforms) = postSolution
		{20FC072B-71D4-469F-AC84-7CFE08A1F1C9}.Debug|Any CPU.ActiveCfg = Debug|Any CPU
		{20FC072B-71D4-469F-AC84-7CFE08A1F1C9}.Debug|Any CPU.Build.0 = Debug|Any CPU
		{20FC072B-71D4-469F-AC84-7CFE08A1F1C9}.Release|Any CPU.ActiveCfg = Release|Any CPU
		{20FC072B-71D4-469F-AC84-7CFE08A1F1C9}.Release|Any CPU.Build.0 = Release|Any CPU
	EndGlobalSection
	GlobalSection(SolutionProperties) = preSolution
		HideSolutionNode = FALSE
	EndGlobalSection
	GlobalSection(ExtensibilityGlobals) = postSolution
		SolutionGuid = {005E9B42-94E0-4353-8C09-ED7AADD3D0BE}
	EndGlobalSection
EndGlobal
